
Microsoft Visual Studio Solution File, Format Version 12.00
# Visual Studio Version 17
VisualStudioVersion = 17.14.36518.9
MinimumVisualStudioVersion = 10.0.40219.1
Project("{FAE04EC0-301F-11D3-BF4B-00C04F79EFBC}") = "View", "View\View.csproj", "{CF0BF42B-3FE6-438B-8E45-A356F6E856E5}"
EndProject
Project("{FAE04EC0-301F-11D3-BF4B-00C04F79EFBC}") = "Presenter", "Presenter\Presenter.csproj", "{CBFC3A31-0704-42AD-8D80-A16BEBB6DEDD}"
EndProject
Project("{FAE04EC0-301F-11D3-BF4B-00C04F79EFBC}") = "Model", "Model\Model.csproj", "{B4923625-668A-95CB-F92E-EAD08FFFA065}"
EndProject
Global
	GlobalSection(SolutionConfigurationPlatforms) = preSolution
		Debug|Any CPU = Debug|Any CPU
		Debug|x64 = Debug|x64
		Debug|x86 = Debug|x86
		Release|Any CPU = Release|Any CPU
		Release|x64 = Release|x64
		Release|x86 = Release|x86
	EndGlobalSection
	GlobalSection(ProjectConfigurationPlatforms) = postSolution
		{CF0BF42B-3FE6-438B-8E45-A356F6E856E5}.Debug|Any CPU.ActiveCfg = Debug|Any CPU
		{CF0BF42B-3FE6-438B-8E45-A356F6E856E5}.Debug|Any CPU.Build.0 = Debug|Any CPU
		{CF0BF42B-3FE6-438B-8E45-A356F6E856E5}.Debug|x64.ActiveCfg = Debug|Any CPU
		{CF0BF42B-3FE6-438B-8E45-A356F6E856E5}.Debug|x64.Build.0 = Debug|Any CPU
		{CF0BF42B-3FE6-438B-8E45-A356F6E856E5}.Debug|x86.ActiveCfg = Debug|Any CPU
		{CF0BF42B-3FE6-438B-8E45-A356F6E856E5}.Debug|x86.Build.0 = Debug|Any CPU
		{CF0BF42B-3FE6-438B-8E45-A356F6E856E5}.Release|Any CPU.ActiveCfg = Release|Any CPU
		{CF0BF42B-3FE6-438B-8E45-A356F6E856E5}.Release|Any CPU.Build.0 = Release|Any CPU
		{CF0BF42B-3FE6-438B-8E45-A356F6E856E5}.Release|x64.ActiveCfg = Release|Any CPU
		{CF0BF42B-3FE6-438B-8E45-A356F6E856E5}.Release|x64.Build.0 = Release|Any CPU
		{CF0BF42B-3FE6-438B-8E45-A356F6E856E5}.Release|x86.ActiveCfg = Release|Any CPU
		{CF0BF42B-3FE6-438B-8E45-A356F6E856E5}.Release|x86.Build.0 = Release|Any CPU
		{CBFC3A31-0704-42AD-8D80-A16BEBB6DEDD}.Debug|Any CPU.ActiveCfg = Debug|Any CPU
		{CBFC3A31-0704-42AD-8D80-A16BEBB6DEDD}.Debug|Any CPU.Build.0 = Debug|Any CPU
		{CBFC3A31-0704-42AD-8D80-A16BEBB6DEDD}.Debug|x64.ActiveCfg = Debug|Any CPU
		{CBFC3A31-0704-42AD-8D80-A16BEBB6DEDD}.Debug|x64.Build.0 = Debug|Any CPU
		{CBFC3A31-0704-42AD-8D80-A16BEBB6DEDD}.Debug|x86.ActiveCfg = Debug|Any CPU
		{CBFC3A31-0704-42AD-8D80-A16BEBB6DEDD}.Debug|x86.Build.0 = Debug|Any CPU
		{CBFC3A31-0704-42AD-8D80-A16BEBB6DEDD}.Release|Any CPU.ActiveCfg = Release|Any CPU
		{CBFC3A31-0704-42AD-8D80-A16BEBB6DEDD}.Release|Any CPU.Build.0 = Release|Any CPU
		{CBFC3A31-0704-42AD-8D80-A16BEBB6DEDD}.Release|x64.ActiveCfg = Release|Any CPU
		{CBFC3A31-0704-42AD-8D80-A16BEBB6DEDD}.Release|x64.Build.0 = Release|Any CPU
		{CBFC3A31-0704-42AD-8D80-A16BEBB6DEDD}.Release|x86.ActiveCfg = Release|Any CPU
		{CBFC3A31-0704-42AD-8D80-A16BEBB6DEDD}.Release|x86.Build.0 = Release|Any CPU
		{B4923625-668A-95CB-F92E-EAD08FFFA065}.Debug|Any CPU.ActiveCfg = Debug|Any CPU
		{B4923625-668A-95CB-F92E-EAD08FFFA065}.Debug|Any CPU.Build.0 = Debug|Any CPU
		{B4923625-668A-95CB-F92E-EAD08FFFA065}.Debug|x64.ActiveCfg = Debug|Any CPU
		{B4923625-668A-95CB-F92E-EAD08FFFA065}.Debug|x64.Build.0 = Debug|Any CPU
		{B4923625-668A-95CB-F92E-EAD08FFFA065}.Debug|x86.ActiveCfg = Debug|Any CPU
		{B4923625-668A-95CB-F92E-EAD08FFFA065}.Debug|x86.Build.0 = Debug|Any CPU
		{B4923625-668A-95CB-F92E-EAD08FFFA065}.Release|Any CPU.ActiveCfg = Release|Any CPU
		{B4923625-668A-95CB-F92E-EAD08FFFA065}.Release|Any CPU.Build.0 = Release|Any CPU
		{B4923625-668A-95CB-F92E-EAD08FFFA065}.Release|x64.ActiveCfg = Release|Any CPU
		{B4923625-668A-95CB-F92E-EAD08FFFA065}.Release|x64.Build.0 = Release|Any CPU
		{B4923625-668A-95CB-F92E-EAD08FFFA065}.Release|x86.ActiveCfg = Release|Any CPU
		{B4923625-668A-95CB-F92E-EAD08FFFA065}.Release|x86.Build.0 = Release|Any CPU
	EndGlobalSection
	GlobalSection(SolutionProperties) = preSolution
		HideSolutionNode = FALSE
	EndGlobalSection
	GlobalSection(ExtensibilityGlobals) = postSolution
		SolutionGuid = {F252C4BF-3576-45D6-A6C7-C10A1B55DA7B}
	EndGlobalSection
EndGlobal
